
Microsoft Visual Studio Solution File, Format Version 12.00
# Visual Studio 14
VisualStudioVersion = 14.0.25420.1
MinimumVisualStudioVersion = 10.0.40219.1
Project("{2150E333-8FDC-42A3-9474-1A3956D46DE8}") = "Modulo_01", "Modulo_01", "{ADCE9C08-C373-4B25-B282-807D741D7BFF}"
EndProject
Project("{2150E333-8FDC-42A3-9474-1A3956D46DE8}") = "Reto_01", "Reto_01", "{08222D77-A4B8-4BF6-9646-B2BC1E83E686}"
EndProject
Project("{FAE04EC0-301F-11D3-BF4B-00C04F79EFBC}") = "Reto_01.Android", "Modulo_01\Reto_01\Reto_01.Android\Reto_01.Android.csproj", "{1FE9ED52-EEA8-4CAC-B1D5-A4CF1DA8FB65}"
EndProject
Project("{FAE04EC0-301F-11D3-BF4B-00C04F79EFBC}") = "Reto_01", "Modulo_01\Reto_01\Reto_01\Reto_01.csproj", "{2FF1AC3F-7475-4C88-923D-6B52BF96C710}"
EndProject
Project("{FAE04EC0-301F-11D3-BF4B-00C04F79EFBC}") = "Reto_01.iOS", "Modulo_01\Reto_01\Reto_01.iOS\Reto_01.iOS.csproj", "{E94B0FC9-517F-4EE2-8B7C-67378DEF5AC5}"
EndProject
Project("{2150E333-8FDC-42A3-9474-1A3956D46DE8}") = "Reto_02", "Reto_02", "{16CB02AF-2D29-4E8A-A9EC-8635AA5DE331}"
EndProject
Project("{FAE04EC0-301F-11D3-BF4B-00C04F79EFBC}") = "Reto_02.Android", "Modulo_01\Reto_02\Reto_02.Android\Reto_02.Android.csproj", "{71637732-6249-4C28-8B08-00E8204A700C}"
EndProject
Project("{FAE04EC0-301F-11D3-BF4B-00C04F79EFBC}") = "Reto_02", "Modulo_01\Reto_02\Reto_02\Reto_02.csproj", "{1365A206-9015-45EA-95A6-4C21A6CE3F92}"
EndProject
Project("{FAE04EC0-301F-11D3-BF4B-00C04F79EFBC}") = "Reto_02.iOS", "Modulo_01\Reto_02\Reto_02.iOS\Reto_02.iOS.csproj", "{AAB902C7-91A9-4586-9367-6533C1D00015}"
EndProject
Project("{2150E333-8FDC-42A3-9474-1A3956D46DE8}") = "Modulo_02", "Modulo_02", "{5E8DB640-F579-445C-974E-8490FC133A5F}"
EndProject
Project("{2150E333-8FDC-42A3-9474-1A3956D46DE8}") = "Reto_01", "Reto_01", "{79D8B62A-0160-4AC2-9317-7C409F094DF0}"
EndProject
Project("{2150E333-8FDC-42A3-9474-1A3956D46DE8}") = "Reto_02", "Reto_02", "{C5511E47-4530-4835-B07B-BE88CC052822}"
EndProject
Project("{FAE04EC0-301F-11D3-BF4B-00C04F79EFBC}") = "Reto_01.Android", "Modulo_02\Reto_01\Reto_01.Android\Reto_01.Android.csproj", "{820008E9-91ED-4CA5-A717-946DBFBF202D}"
EndProject
Project("{FAE04EC0-301F-11D3-BF4B-00C04F79EFBC}") = "Reto_01", "Modulo_02\Reto_01\Reto_01\Reto_01.csproj", "{C109BA07-8F34-4AFE-8D41-58D104857BE2}"
EndProject
Project("{FAE04EC0-301F-11D3-BF4B-00C04F79EFBC}") = "Reto_01.iOS", "Modulo_02\Reto_01\Reto_01.iOS\Reto_01.iOS.csproj", "{94F1FF2E-7ABE-48C2-B90F-B4D820A4C4D5}"
EndProject
Project("{FAE04EC0-301F-11D3-BF4B-00C04F79EFBC}") = "Reto_02.Android", "Modulo_02\Reto_02\Reto_02.Android\Reto_02.Android.csproj", "{DAD573C9-643A-46FD-94D2-800D6E380271}"
EndProject
Project("{FAE04EC0-301F-11D3-BF4B-00C04F79EFBC}") = "Reto_02", "Modulo_02\Reto_02\Reto_02\Reto_02.csproj", "{61898243-2FF7-4BDC-A1F0-0E5580C58D87}"
EndProject
Project("{FAE04EC0-301F-11D3-BF4B-00C04F79EFBC}") = "Reto_02.iOS", "Modulo_02\Reto_02\Reto_02.iOS\Reto_02.iOS.csproj", "{BC1984F6-CC87-42E3-9EDE-600AAC87F5B4}"
EndProject
Global
	GlobalSection(SolutionConfigurationPlatforms) = preSolution
		Ad-Hoc|Any CPU = Ad-Hoc|Any CPU
		Ad-Hoc|iPhone = Ad-Hoc|iPhone
		Ad-Hoc|iPhoneSimulator = Ad-Hoc|iPhoneSimulator
		AppStore|Any CPU = AppStore|Any CPU
		AppStore|iPhone = AppStore|iPhone
		AppStore|iPhoneSimulator = AppStore|iPhoneSimulator
		Debug|Any CPU = Debug|Any CPU
		Debug|iPhone = Debug|iPhone
		Debug|iPhoneSimulator = Debug|iPhoneSimulator
		Release|Any CPU = Release|Any CPU
		Release|iPhone = Release|iPhone
		Release|iPhoneSimulator = Release|iPhoneSimulator
	EndGlobalSection
	GlobalSection(ProjectConfigurationPlatforms) = postSolution
		{1FE9ED52-EEA8-4CAC-B1D5-A4CF1DA8FB65}.Ad-Hoc|Any CPU.ActiveCfg = Release|Any CPU
		{1FE9ED52-EEA8-4CAC-B1D5-A4CF1DA8FB65}.Ad-Hoc|Any CPU.Build.0 = Release|Any CPU
		{1FE9ED52-EEA8-4CAC-B1D5-A4CF1DA8FB65}.Ad-Hoc|Any CPU.Deploy.0 = Release|Any CPU
		{1FE9ED52-EEA8-4CAC-B1D5-A4CF1DA8FB65}.Ad-Hoc|iPhone.ActiveCfg = Release|Any CPU
		{1FE9ED52-EEA8-4CAC-B1D5-A4CF1DA8FB65}.Ad-Hoc|iPhone.Build.0 = Release|Any CPU
		{1FE9ED52-EEA8-4CAC-B1D5-A4CF1DA8FB65}.Ad-Hoc|iPhone.Deploy.0 = Release|Any CPU
		{1FE9ED52-EEA8-4CAC-B1D5-A4CF1DA8FB65}.Ad-Hoc|iPhoneSimulator.ActiveCfg = Release|Any CPU
		{1FE9ED52-EEA8-4CAC-B1D5-A4CF1DA8FB65}.Ad-Hoc|iPhoneSimulator.Build.0 = Release|Any CPU
		{1FE9ED52-EEA8-4CAC-B1D5-A4CF1DA8FB65}.Ad-Hoc|iPhoneSimulator.Deploy.0 = Release|Any CPU
		{1FE9ED52-EEA8-4CAC-B1D5-A4CF1DA8FB65}.AppStore|Any CPU.ActiveCfg = Release|Any CPU
		{1FE9ED52-EEA8-4CAC-B1D5-A4CF1DA8FB65}.AppStore|Any CPU.Build.0 = Release|Any CPU
		{1FE9ED52-EEA8-4CAC-B1D5-A4CF1DA8FB65}.AppStore|Any CPU.Deploy.0 = Release|Any CPU
		{1FE9ED52-EEA8-4CAC-B1D5-A4CF1DA8FB65}.AppStore|iPhone.ActiveCfg = Release|Any CPU
		{1FE9ED52-EEA8-4CAC-B1D5-A4CF1DA8FB65}.AppStore|iPhone.Build.0 = Release|Any CPU
		{1FE9ED52-EEA8-4CAC-B1D5-A4CF1DA8FB65}.AppStore|iPhone.Deploy.0 = Release|Any CPU
		{1FE9ED52-EEA8-4CAC-B1D5-A4CF1DA8FB65}.AppStore|iPhoneSimulator.ActiveCfg = Release|Any CPU
		{1FE9ED52-EEA8-4CAC-B1D5-A4CF1DA8FB65}.AppStore|iPhoneSimulator.Build.0 = Release|Any CPU
		{1FE9ED52-EEA8-4CAC-B1D5-A4CF1DA8FB65}.AppStore|iPhoneSimulator.Deploy.0 = Release|Any CPU
		{1FE9ED52-EEA8-4CAC-B1D5-A4CF1DA8FB65}.Debug|Any CPU.ActiveCfg = Debug|Any CPU
		{1FE9ED52-EEA8-4CAC-B1D5-A4CF1DA8FB65}.Debug|Any CPU.Build.0 = Debug|Any CPU
		{1FE9ED52-EEA8-4CAC-B1D5-A4CF1DA8FB65}.Debug|Any CPU.Deploy.0 = Debug|Any CPU
		{1FE9ED52-EEA8-4CAC-B1D5-A4CF1DA8FB65}.Debug|iPhone.ActiveCfg = Debug|Any CPU
		{1FE9ED52-EEA8-4CAC-B1D5-A4CF1DA8FB65}.Debug|iPhone.Build.0 = Debug|Any CPU
		{1FE9ED52-EEA8-4CAC-B1D5-A4CF1DA8FB65}.Debug|iPhone.Deploy.0 = Debug|Any CPU
		{1FE9ED52-EEA8-4CAC-B1D5-A4CF1DA8FB65}.Debug|iPhoneSimulator.ActiveCfg = Debug|Any CPU
		{1FE9ED52-EEA8-4CAC-B1D5-A4CF1DA8FB65}.Debug|iPhoneSimulator.Build.0 = Debug|Any CPU
		{1FE9ED52-EEA8-4CAC-B1D5-A4CF1DA8FB65}.Debug|iPhoneSimulator.Deploy.0 = Debug|Any CPU
		{1FE9ED52-EEA8-4CAC-B1D5-A4CF1DA8FB65}.Release|Any CPU.ActiveCfg = Release|Any CPU
		{1FE9ED52-EEA8-4CAC-B1D5-A4CF1DA8FB65}.Release|Any CPU.Build.0 = Release|Any CPU
		{1FE9ED52-EEA8-4CAC-B1D5-A4CF1DA8FB65}.Release|Any CPU.Deploy.0 = Release|Any CPU
		{1FE9ED52-EEA8-4CAC-B1D5-A4CF1DA8FB65}.Release|iPhone.ActiveCfg = Release|Any CPU
		{1FE9ED52-EEA8-4CAC-B1D5-A4CF1DA8FB65}.Release|iPhone.Build.0 = Release|Any CPU
		{1FE9ED52-EEA8-4CAC-B1D5-A4CF1DA8FB65}.Release|iPhone.Deploy.0 = Release|Any CPU
		{1FE9ED52-EEA8-4CAC-B1D5-A4CF1DA8FB65}.Release|iPhoneSimulator.ActiveCfg = Release|Any CPU
		{1FE9ED52-EEA8-4CAC-B1D5-A4CF1DA8FB65}.Release|iPhoneSimulator.Build.0 = Release|Any CPU
		{1FE9ED52-EEA8-4CAC-B1D5-A4CF1DA8FB65}.Release|iPhoneSimulator.Deploy.0 = Release|Any CPU
		{2FF1AC3F-7475-4C88-923D-6B52BF96C710}.Ad-Hoc|Any CPU.ActiveCfg = Release|Any CPU
		{2FF1AC3F-7475-4C88-923D-6B52BF96C710}.Ad-Hoc|Any CPU.Build.0 = Release|Any CPU
		{2FF1AC3F-7475-4C88-923D-6B52BF96C710}.Ad-Hoc|iPhone.ActiveCfg = Release|Any CPU
		{2FF1AC3F-7475-4C88-923D-6B52BF96C710}.Ad-Hoc|iPhone.Build.0 = Release|Any CPU
		{2FF1AC3F-7475-4C88-923D-6B52BF96C710}.Ad-Hoc|iPhoneSimulator.ActiveCfg = Release|Any CPU
		{2FF1AC3F-7475-4C88-923D-6B52BF96C710}.Ad-Hoc|iPhoneSimulator.Build.0 = Release|Any CPU
		{2FF1AC3F-7475-4C88-923D-6B52BF96C710}.AppStore|Any CPU.ActiveCfg = Release|Any CPU
		{2FF1AC3F-7475-4C88-923D-6B52BF96C710}.AppStore|Any CPU.Build.0 = Release|Any CPU
		{2FF1AC3F-7475-4C88-923D-6B52BF96C710}.AppStore|iPhone.ActiveCfg = Release|Any CPU
		{2FF1AC3F-7475-4C88-923D-6B52BF96C710}.AppStore|iPhone.Build.0 = Release|Any CPU
		{2FF1AC3F-7475-4C88-923D-6B52BF96C710}.AppStore|iPhoneSimulator.ActiveCfg = Release|Any CPU
		{2FF1AC3F-7475-4C88-923D-6B52BF96C710}.AppStore|iPhoneSimulator.Build.0 = Release|Any CPU
		{2FF1AC3F-7475-4C88-923D-6B52BF96C710}.Debug|Any CPU.ActiveCfg = Debug|Any CPU
		{2FF1AC3F-7475-4C88-923D-6B52BF96C710}.Debug|Any CPU.Build.0 = Debug|Any CPU
		{2FF1AC3F-7475-4C88-923D-6B52BF96C710}.Debug|iPhone.ActiveCfg = Debug|Any CPU
		{2FF1AC3F-7475-4C88-923D-6B52BF96C710}.Debug|iPhone.Build.0 = Debug|Any CPU
		{2FF1AC3F-7475-4C88-923D-6B52BF96C710}.Debug|iPhoneSimulator.ActiveCfg = Debug|Any CPU
		{2FF1AC3F-7475-4C88-923D-6B52BF96C710}.Debug|iPhoneSimulator.Build.0 = Debug|Any CPU
		{2FF1AC3F-7475-4C88-923D-6B52BF96C710}.Release|Any CPU.ActiveCfg = Release|Any CPU
		{2FF1AC3F-7475-4C88-923D-6B52BF96C710}.Release|Any CPU.Build.0 = Release|Any CPU
		{2FF1AC3F-7475-4C88-923D-6B52BF96C710}.Release|iPhone.ActiveCfg = Release|Any CPU
		{2FF1AC3F-7475-4C88-923D-6B52BF96C710}.Release|iPhone.Build.0 = Release|Any CPU
		{2FF1AC3F-7475-4C88-923D-6B52BF96C710}.Release|iPhoneSimulator.ActiveCfg = Release|Any CPU
		{2FF1AC3F-7475-4C88-923D-6B52BF96C710}.Release|iPhoneSimulator.Build.0 = Release|Any CPU
		{E94B0FC9-517F-4EE2-8B7C-67378DEF5AC5}.Ad-Hoc|Any CPU.ActiveCfg = Ad-Hoc|iPhone
		{E94B0FC9-517F-4EE2-8B7C-67378DEF5AC5}.Ad-Hoc|iPhone.ActiveCfg = Ad-Hoc|iPhone
		{E94B0FC9-517F-4EE2-8B7C-67378DEF5AC5}.Ad-Hoc|iPhone.Build.0 = Ad-Hoc|iPhone
		{E94B0FC9-517F-4EE2-8B7C-67378DEF5AC5}.Ad-Hoc|iPhoneSimulator.ActiveCfg = Ad-Hoc|iPhoneSimulator
		{E94B0FC9-517F-4EE2-8B7C-67378DEF5AC5}.Ad-Hoc|iPhoneSimulator.Build.0 = Ad-Hoc|iPhoneSimulator
		{E94B0FC9-517F-4EE2-8B7C-67378DEF5AC5}.AppStore|Any CPU.ActiveCfg = AppStore|iPhone
		{E94B0FC9-517F-4EE2-8B7C-67378DEF5AC5}.AppStore|iPhone.ActiveCfg = AppStore|iPhone
		{E94B0FC9-517F-4EE2-8B7C-67378DEF5AC5}.AppStore|iPhone.Build.0 = AppStore|iPhone
		{E94B0FC9-517F-4EE2-8B7C-67378DEF5AC5}.AppStore|iPhoneSimulator.ActiveCfg = AppStore|iPhoneSimulator
		{E94B0FC9-517F-4EE2-8B7C-67378DEF5AC5}.AppStore|iPhoneSimulator.Build.0 = AppStore|iPhoneSimulator
		{E94B0FC9-517F-4EE2-8B7C-67378DEF5AC5}.Debug|Any CPU.ActiveCfg = Debug|iPhone
		{E94B0FC9-517F-4EE2-8B7C-67378DEF5AC5}.Debug|iPhone.ActiveCfg = Debug|iPhone
		{E94B0FC9-517F-4EE2-8B7C-67378DEF5AC5}.Debug|iPhone.Build.0 = Debug|iPhone
		{E94B0FC9-517F-4EE2-8B7C-67378DEF5AC5}.Debug|iPhoneSimulator.ActiveCfg = Debug|iPhoneSimulator
		{E94B0FC9-517F-4EE2-8B7C-67378DEF5AC5}.Debug|iPhoneSimulator.Build.0 = Debug|iPhoneSimulator
		{E94B0FC9-517F-4EE2-8B7C-67378DEF5AC5}.Release|Any CPU.ActiveCfg = Release|iPhone
		{E94B0FC9-517F-4EE2-8B7C-67378DEF5AC5}.Release|iPhone.ActiveCfg = Release|iPhone
		{E94B0FC9-517F-4EE2-8B7C-67378DEF5AC5}.Release|iPhone.Build.0 = Release|iPhone
		{E94B0FC9-517F-4EE2-8B7C-67378DEF5AC5}.Release|iPhoneSimulator.ActiveCfg = Release|iPhoneSimulator
		{E94B0FC9-517F-4EE2-8B7C-67378DEF5AC5}.Release|iPhoneSimulator.Build.0 = Release|iPhoneSimulator
		{71637732-6249-4C28-8B08-00E8204A700C}.Ad-Hoc|Any CPU.ActiveCfg = Release|Any CPU
		{71637732-6249-4C28-8B08-00E8204A700C}.Ad-Hoc|Any CPU.Build.0 = Release|Any CPU
		{71637732-6249-4C28-8B08-00E8204A700C}.Ad-Hoc|Any CPU.Deploy.0 = Release|Any CPU
		{71637732-6249-4C28-8B08-00E8204A700C}.Ad-Hoc|iPhone.ActiveCfg = Release|Any CPU
		{71637732-6249-4C28-8B08-00E8204A700C}.Ad-Hoc|iPhone.Build.0 = Release|Any CPU
		{71637732-6249-4C28-8B08-00E8204A700C}.Ad-Hoc|iPhone.Deploy.0 = Release|Any CPU
		{71637732-6249-4C28-8B08-00E8204A700C}.Ad-Hoc|iPhoneSimulator.ActiveCfg = Release|Any CPU
		{71637732-6249-4C28-8B08-00E8204A700C}.Ad-Hoc|iPhoneSimulator.Build.0 = Release|Any CPU
		{71637732-6249-4C28-8B08-00E8204A700C}.Ad-Hoc|iPhoneSimulator.Deploy.0 = Release|Any CPU
		{71637732-6249-4C28-8B08-00E8204A700C}.AppStore|Any CPU.ActiveCfg = Release|Any CPU
		{71637732-6249-4C28-8B08-00E8204A700C}.AppStore|Any CPU.Build.0 = Release|Any CPU
		{71637732-6249-4C28-8B08-00E8204A700C}.AppStore|Any CPU.Deploy.0 = Release|Any CPU
		{71637732-6249-4C28-8B08-00E8204A700C}.AppStore|iPhone.ActiveCfg = Release|Any CPU
		{71637732-6249-4C28-8B08-00E8204A700C}.AppStore|iPhone.Build.0 = Release|Any CPU
		{71637732-6249-4C28-8B08-00E8204A700C}.AppStore|iPhone.Deploy.0 = Release|Any CPU
		{71637732-6249-4C28-8B08-00E8204A700C}.AppStore|iPhoneSimulator.ActiveCfg = Release|Any CPU
		{71637732-6249-4C28-8B08-00E8204A700C}.AppStore|iPhoneSimulator.Build.0 = Release|Any CPU
		{71637732-6249-4C28-8B08-00E8204A700C}.AppStore|iPhoneSimulator.Deploy.0 = Release|Any CPU
		{71637732-6249-4C28-8B08-00E8204A700C}.Debug|Any CPU.ActiveCfg = Debug|Any CPU
		{71637732-6249-4C28-8B08-00E8204A700C}.Debug|Any CPU.Build.0 = Debug|Any CPU
		{71637732-6249-4C28-8B08-00E8204A700C}.Debug|Any CPU.Deploy.0 = Debug|Any CPU
		{71637732-6249-4C28-8B08-00E8204A700C}.Debug|iPhone.ActiveCfg = Debug|Any CPU
		{71637732-6249-4C28-8B08-00E8204A700C}.Debug|iPhone.Build.0 = Debug|Any CPU
		{71637732-6249-4C28-8B08-00E8204A700C}.Debug|iPhone.Deploy.0 = Debug|Any CPU
		{71637732-6249-4C28-8B08-00E8204A700C}.Debug|iPhoneSimulator.ActiveCfg = Debug|Any CPU
		{71637732-6249-4C28-8B08-00E8204A700C}.Debug|iPhoneSimulator.Build.0 = Debug|Any CPU
		{71637732-6249-4C28-8B08-00E8204A700C}.Debug|iPhoneSimulator.Deploy.0 = Debug|Any CPU
		{71637732-6249-4C28-8B08-00E8204A700C}.Release|Any CPU.ActiveCfg = Release|Any CPU
		{71637732-6249-4C28-8B08-00E8204A700C}.Release|Any CPU.Build.0 = Release|Any CPU
		{71637732-6249-4C28-8B08-00E8204A700C}.Release|Any CPU.Deploy.0 = Release|Any CPU
		{71637732-6249-4C28-8B08-00E8204A700C}.Release|iPhone.ActiveCfg = Release|Any CPU
		{71637732-6249-4C28-8B08-00E8204A700C}.Release|iPhone.Build.0 = Release|Any CPU
		{71637732-6249-4C28-8B08-00E8204A700C}.Release|iPhone.Deploy.0 = Release|Any CPU
		{71637732-6249-4C28-8B08-00E8204A700C}.Release|iPhoneSimulator.ActiveCfg = Release|Any CPU
		{71637732-6249-4C28-8B08-00E8204A700C}.Release|iPhoneSimulator.Build.0 = Release|Any CPU
		{71637732-6249-4C28-8B08-00E8204A700C}.Release|iPhoneSimulator.Deploy.0 = Release|Any CPU
		{1365A206-9015-45EA-95A6-4C21A6CE3F92}.Ad-Hoc|Any CPU.ActiveCfg = Release|Any CPU
		{1365A206-9015-45EA-95A6-4C21A6CE3F92}.Ad-Hoc|Any CPU.Build.0 = Release|Any CPU
		{1365A206-9015-45EA-95A6-4C21A6CE3F92}.Ad-Hoc|iPhone.ActiveCfg = Release|Any CPU
		{1365A206-9015-45EA-95A6-4C21A6CE3F92}.Ad-Hoc|iPhone.Build.0 = Release|Any CPU
		{1365A206-9015-45EA-95A6-4C21A6CE3F92}.Ad-Hoc|iPhoneSimulator.ActiveCfg = Release|Any CPU
		{1365A206-9015-45EA-95A6-4C21A6CE3F92}.Ad-Hoc|iPhoneSimulator.Build.0 = Release|Any CPU
		{1365A206-9015-45EA-95A6-4C21A6CE3F92}.AppStore|Any CPU.ActiveCfg = Release|Any CPU
		{1365A206-9015-45EA-95A6-4C21A6CE3F92}.AppStore|Any CPU.Build.0 = Release|Any CPU
		{1365A206-9015-45EA-95A6-4C21A6CE3F92}.AppStore|iPhone.ActiveCfg = Release|Any CPU
		{1365A206-9015-45EA-95A6-4C21A6CE3F92}.AppStore|iPhone.Build.0 = Release|Any CPU
		{1365A206-9015-45EA-95A6-4C21A6CE3F92}.AppStore|iPhoneSimulator.ActiveCfg = Release|Any CPU
		{1365A206-9015-45EA-95A6-4C21A6CE3F92}.AppStore|iPhoneSimulator.Build.0 = Release|Any CPU
		{1365A206-9015-45EA-95A6-4C21A6CE3F92}.Debug|Any CPU.ActiveCfg = Debug|Any CPU
		{1365A206-9015-45EA-95A6-4C21A6CE3F92}.Debug|Any CPU.Build.0 = Debug|Any CPU
		{1365A206-9015-45EA-95A6-4C21A6CE3F92}.Debug|iPhone.ActiveCfg = Debug|Any CPU
		{1365A206-9015-45EA-95A6-4C21A6CE3F92}.Debug|iPhone.Build.0 = Debug|Any CPU
		{1365A206-9015-45EA-95A6-4C21A6CE3F92}.Debug|iPhoneSimulator.ActiveCfg = Debug|Any CPU
		{1365A206-9015-45EA-95A6-4C21A6CE3F92}.Debug|iPhoneSimulator.Build.0 = Debug|Any CPU
		{1365A206-9015-45EA-95A6-4C21A6CE3F92}.Release|Any CPU.ActiveCfg = Release|Any CPU
		{1365A206-9015-45EA-95A6-4C21A6CE3F92}.Release|Any CPU.Build.0 = Release|Any CPU
		{1365A206-9015-45EA-95A6-4C21A6CE3F92}.Release|iPhone.ActiveCfg = Release|Any CPU
		{1365A206-9015-45EA-95A6-4C21A6CE3F92}.Release|iPhone.Build.0 = Release|Any CPU
		{1365A206-9015-45EA-95A6-4C21A6CE3F92}.Release|iPhoneSimulator.ActiveCfg = Release|Any CPU
		{1365A206-9015-45EA-95A6-4C21A6CE3F92}.Release|iPhoneSimulator.Build.0 = Release|Any CPU
		{AAB902C7-91A9-4586-9367-6533C1D00015}.Ad-Hoc|Any CPU.ActiveCfg = Ad-Hoc|iPhone
		{AAB902C7-91A9-4586-9367-6533C1D00015}.Ad-Hoc|iPhone.ActiveCfg = Ad-Hoc|iPhone
		{AAB902C7-91A9-4586-9367-6533C1D00015}.Ad-Hoc|iPhone.Build.0 = Ad-Hoc|iPhone
		{AAB902C7-91A9-4586-9367-6533C1D00015}.Ad-Hoc|iPhoneSimulator.ActiveCfg = Ad-Hoc|iPhoneSimulator
		{AAB902C7-91A9-4586-9367-6533C1D00015}.Ad-Hoc|iPhoneSimulator.Build.0 = Ad-Hoc|iPhoneSimulator
		{AAB902C7-91A9-4586-9367-6533C1D00015}.AppStore|Any CPU.ActiveCfg = AppStore|iPhone
		{AAB902C7-91A9-4586-9367-6533C1D00015}.AppStore|iPhone.ActiveCfg = AppStore|iPhone
		{AAB902C7-91A9-4586-9367-6533C1D00015}.AppStore|iPhone.Build.0 = AppStore|iPhone
		{AAB902C7-91A9-4586-9367-6533C1D00015}.AppStore|iPhoneSimulator.ActiveCfg = AppStore|iPhoneSimulator
		{AAB902C7-91A9-4586-9367-6533C1D00015}.AppStore|iPhoneSimulator.Build.0 = AppStore|iPhoneSimulator
		{AAB902C7-91A9-4586-9367-6533C1D00015}.Debug|Any CPU.ActiveCfg = Debug|iPhone
		{AAB902C7-91A9-4586-9367-6533C1D00015}.Debug|iPhone.ActiveCfg = Debug|iPhone
		{AAB902C7-91A9-4586-9367-6533C1D00015}.Debug|iPhone.Build.0 = Debug|iPhone
		{AAB902C7-91A9-4586-9367-6533C1D00015}.Debug|iPhoneSimulator.ActiveCfg = Debug|iPhoneSimulator
		{AAB902C7-91A9-4586-9367-6533C1D00015}.Debug|iPhoneSimulator.Build.0 = Debug|iPhoneSimulator
		{AAB902C7-91A9-4586-9367-6533C1D00015}.Release|Any CPU.ActiveCfg = Release|iPhone
		{AAB902C7-91A9-4586-9367-6533C1D00015}.Release|iPhone.ActiveCfg = Release|iPhone
		{AAB902C7-91A9-4586-9367-6533C1D00015}.Release|iPhone.Build.0 = Release|iPhone
		{AAB902C7-91A9-4586-9367-6533C1D00015}.Release|iPhoneSimulator.ActiveCfg = Release|iPhoneSimulator
		{AAB902C7-91A9-4586-9367-6533C1D00015}.Release|iPhoneSimulator.Build.0 = Release|iPhoneSimulator
		{820008E9-91ED-4CA5-A717-946DBFBF202D}.Ad-Hoc|Any CPU.ActiveCfg = Release|Any CPU
		{820008E9-91ED-4CA5-A717-946DBFBF202D}.Ad-Hoc|Any CPU.Build.0 = Release|Any CPU
		{820008E9-91ED-4CA5-A717-946DBFBF202D}.Ad-Hoc|Any CPU.Deploy.0 = Release|Any CPU
		{820008E9-91ED-4CA5-A717-946DBFBF202D}.Ad-Hoc|iPhone.ActiveCfg = Release|Any CPU
		{820008E9-91ED-4CA5-A717-946DBFBF202D}.Ad-Hoc|iPhone.Build.0 = Release|Any CPU
		{820008E9-91ED-4CA5-A717-946DBFBF202D}.Ad-Hoc|iPhone.Deploy.0 = Release|Any CPU
		{820008E9-91ED-4CA5-A717-946DBFBF202D}.Ad-Hoc|iPhoneSimulator.ActiveCfg = Release|Any CPU
		{820008E9-91ED-4CA5-A717-946DBFBF202D}.Ad-Hoc|iPhoneSimulator.Build.0 = Release|Any CPU
		{820008E9-91ED-4CA5-A717-946DBFBF202D}.Ad-Hoc|iPhoneSimulator.Deploy.0 = Release|Any CPU
		{820008E9-91ED-4CA5-A717-946DBFBF202D}.AppStore|Any CPU.ActiveCfg = Release|Any CPU
		{820008E9-91ED-4CA5-A717-946DBFBF202D}.AppStore|Any CPU.Build.0 = Release|Any CPU
		{820008E9-91ED-4CA5-A717-946DBFBF202D}.AppStore|Any CPU.Deploy.0 = Release|Any CPU
		{820008E9-91ED-4CA5-A717-946DBFBF202D}.AppStore|iPhone.ActiveCfg = Release|Any CPU
		{820008E9-91ED-4CA5-A717-946DBFBF202D}.AppStore|iPhone.Build.0 = Release|Any CPU
		{820008E9-91ED-4CA5-A717-946DBFBF202D}.AppStore|iPhone.Deploy.0 = Release|Any CPU
		{820008E9-91ED-4CA5-A717-946DBFBF202D}.AppStore|iPhoneSimulator.ActiveCfg = Release|Any CPU
		{820008E9-91ED-4CA5-A717-946DBFBF202D}.AppStore|iPhoneSimulator.Build.0 = Release|Any CPU
		{820008E9-91ED-4CA5-A717-946DBFBF202D}.AppStore|iPhoneSimulator.Deploy.0 = Release|Any CPU
		{820008E9-91ED-4CA5-A717-946DBFBF202D}.Debug|Any CPU.ActiveCfg = Debug|Any CPU
		{820008E9-91ED-4CA5-A717-946DBFBF202D}.Debug|Any CPU.Build.0 = Debug|Any CPU
		{820008E9-91ED-4CA5-A717-946DBFBF202D}.Debug|Any CPU.Deploy.0 = Debug|Any CPU
		{820008E9-91ED-4CA5-A717-946DBFBF202D}.Debug|iPhone.ActiveCfg = Debug|Any CPU
		{820008E9-91ED-4CA5-A717-946DBFBF202D}.Debug|iPhone.Build.0 = Debug|Any CPU
		{820008E9-91ED-4CA5-A717-946DBFBF202D}.Debug|iPhone.Deploy.0 = Debug|Any CPU
		{820008E9-91ED-4CA5-A717-946DBFBF202D}.Debug|iPhoneSimulator.ActiveCfg = Debug|Any CPU
		{820008E9-91ED-4CA5-A717-946DBFBF202D}.Debug|iPhoneSimulator.Build.0 = Debug|Any CPU
		{820008E9-91ED-4CA5-A717-946DBFBF202D}.Debug|iPhoneSimulator.Deploy.0 = Debug|Any CPU
		{820008E9-91ED-4CA5-A717-946DBFBF202D}.Release|Any CPU.ActiveCfg = Release|Any CPU
		{820008E9-91ED-4CA5-A717-946DBFBF202D}.Release|Any CPU.Build.0 = Release|Any CPU
		{820008E9-91ED-4CA5-A717-946DBFBF202D}.Release|Any CPU.Deploy.0 = Release|Any CPU
		{820008E9-91ED-4CA5-A717-946DBFBF202D}.Release|iPhone.ActiveCfg = Release|Any CPU
		{820008E9-91ED-4CA5-A717-946DBFBF202D}.Release|iPhone.Build.0 = Release|Any CPU
		{820008E9-91ED-4CA5-A717-946DBFBF202D}.Release|iPhone.Deploy.0 = Release|Any CPU
		{820008E9-91ED-4CA5-A717-946DBFBF202D}.Release|iPhoneSimulator.ActiveCfg = Release|Any CPU
		{820008E9-91ED-4CA5-A717-946DBFBF202D}.Release|iPhoneSimulator.Build.0 = Release|Any CPU
		{820008E9-91ED-4CA5-A717-946DBFBF202D}.Release|iPhoneSimulator.Deploy.0 = Release|Any CPU
		{C109BA07-8F34-4AFE-8D41-58D104857BE2}.Ad-Hoc|Any CPU.ActiveCfg = Release|Any CPU
		{C109BA07-8F34-4AFE-8D41-58D104857BE2}.Ad-Hoc|Any CPU.Build.0 = Release|Any CPU
		{C109BA07-8F34-4AFE-8D41-58D104857BE2}.Ad-Hoc|iPhone.ActiveCfg = Release|Any CPU
		{C109BA07-8F34-4AFE-8D41-58D104857BE2}.Ad-Hoc|iPhone.Build.0 = Release|Any CPU
		{C109BA07-8F34-4AFE-8D41-58D104857BE2}.Ad-Hoc|iPhoneSimulator.ActiveCfg = Release|Any CPU
		{C109BA07-8F34-4AFE-8D41-58D104857BE2}.Ad-Hoc|iPhoneSimulator.Build.0 = Release|Any CPU
		{C109BA07-8F34-4AFE-8D41-58D104857BE2}.AppStore|Any CPU.ActiveCfg = Release|Any CPU
		{C109BA07-8F34-4AFE-8D41-58D104857BE2}.AppStore|Any CPU.Build.0 = Release|Any CPU
		{C109BA07-8F34-4AFE-8D41-58D104857BE2}.AppStore|iPhone.ActiveCfg = Release|Any CPU
		{C109BA07-8F34-4AFE-8D41-58D104857BE2}.AppStore|iPhone.Build.0 = Release|Any CPU
		{C109BA07-8F34-4AFE-8D41-58D104857BE2}.AppStore|iPhoneSimulator.ActiveCfg = Release|Any CPU
		{C109BA07-8F34-4AFE-8D41-58D104857BE2}.AppStore|iPhoneSimulator.Build.0 = Release|Any CPU
		{C109BA07-8F34-4AFE-8D41-58D104857BE2}.Debug|Any CPU.ActiveCfg = Debug|Any CPU
		{C109BA07-8F34-4AFE-8D41-58D104857BE2}.Debug|Any CPU.Build.0 = Debug|Any CPU
		{C109BA07-8F34-4AFE-8D41-58D104857BE2}.Debug|iPhone.ActiveCfg = Debug|Any CPU
		{C109BA07-8F34-4AFE-8D41-58D104857BE2}.Debug|iPhone.Build.0 = Debug|Any CPU
		{C109BA07-8F34-4AFE-8D41-58D104857BE2}.Debug|iPhoneSimulator.ActiveCfg = Debug|Any CPU
		{C109BA07-8F34-4AFE-8D41-58D104857BE2}.Debug|iPhoneSimulator.Build.0 = Debug|Any CPU
		{C109BA07-8F34-4AFE-8D41-58D104857BE2}.Release|Any CPU.ActiveCfg = Release|Any CPU
		{C109BA07-8F34-4AFE-8D41-58D104857BE2}.Release|Any CPU.Build.0 = Release|Any CPU
		{C109BA07-8F34-4AFE-8D41-58D104857BE2}.Release|iPhone.ActiveCfg = Release|Any CPU
		{C109BA07-8F34-4AFE-8D41-58D104857BE2}.Release|iPhone.Build.0 = Release|Any CPU
		{C109BA07-8F34-4AFE-8D41-58D104857BE2}.Release|iPhoneSimulator.ActiveCfg = Release|Any CPU
		{C109BA07-8F34-4AFE-8D41-58D104857BE2}.Release|iPhoneSimulator.Build.0 = Release|Any CPU
		{94F1FF2E-7ABE-48C2-B90F-B4D820A4C4D5}.Ad-Hoc|Any CPU.ActiveCfg = Ad-Hoc|iPhone
		{94F1FF2E-7ABE-48C2-B90F-B4D820A4C4D5}.Ad-Hoc|iPhone.ActiveCfg = Ad-Hoc|iPhone
		{94F1FF2E-7ABE-48C2-B90F-B4D820A4C4D5}.Ad-Hoc|iPhone.Build.0 = Ad-Hoc|iPhone
		{94F1FF2E-7ABE-48C2-B90F-B4D820A4C4D5}.Ad-Hoc|iPhoneSimulator.ActiveCfg = Ad-Hoc|iPhoneSimulator
		{94F1FF2E-7ABE-48C2-B90F-B4D820A4C4D5}.Ad-Hoc|iPhoneSimulator.Build.0 = Ad-Hoc|iPhoneSimulator
		{94F1FF2E-7ABE-48C2-B90F-B4D820A4C4D5}.AppStore|Any CPU.ActiveCfg = AppStore|iPhone
		{94F1FF2E-7ABE-48C2-B90F-B4D820A4C4D5}.AppStore|iPhone.ActiveCfg = AppStore|iPhone
		{94F1FF2E-7ABE-48C2-B90F-B4D820A4C4D5}.AppStore|iPhone.Build.0 = AppStore|iPhone
		{94F1FF2E-7ABE-48C2-B90F-B4D820A4C4D5}.AppStore|iPhoneSimulator.ActiveCfg = AppStore|iPhoneSimulator
		{94F1FF2E-7ABE-48C2-B90F-B4D820A4C4D5}.AppStore|iPhoneSimulator.Build.0 = AppStore|iPhoneSimulator
		{94F1FF2E-7ABE-48C2-B90F-B4D820A4C4D5}.Debug|Any CPU.ActiveCfg = Debug|iPhone
		{94F1FF2E-7ABE-48C2-B90F-B4D820A4C4D5}.Debug|iPhone.ActiveCfg = Debug|iPhone
		{94F1FF2E-7ABE-48C2-B90F-B4D820A4C4D5}.Debug|iPhone.Build.0 = Debug|iPhone
		{94F1FF2E-7ABE-48C2-B90F-B4D820A4C4D5}.Debug|iPhoneSimulator.ActiveCfg = Debug|iPhoneSimulator
		{94F1FF2E-7ABE-48C2-B90F-B4D820A4C4D5}.Debug|iPhoneSimulator.Build.0 = Debug|iPhoneSimulator
		{94F1FF2E-7ABE-48C2-B90F-B4D820A4C4D5}.Release|Any CPU.ActiveCfg = Release|iPhone
		{94F1FF2E-7ABE-48C2-B90F-B4D820A4C4D5}.Release|iPhone.ActiveCfg = Release|iPhone
		{94F1FF2E-7ABE-48C2-B90F-B4D820A4C4D5}.Release|iPhone.Build.0 = Release|iPhone
		{94F1FF2E-7ABE-48C2-B90F-B4D820A4C4D5}.Release|iPhoneSimulator.ActiveCfg = Release|iPhoneSimulator
		{94F1FF2E-7ABE-48C2-B90F-B4D820A4C4D5}.Release|iPhoneSimulator.Build.0 = Release|iPhoneSimulator
		{DAD573C9-643A-46FD-94D2-800D6E380271}.Ad-Hoc|Any CPU.ActiveCfg = Release|Any CPU
		{DAD573C9-643A-46FD-94D2-800D6E380271}.Ad-Hoc|Any CPU.Build.0 = Release|Any CPU
		{DAD573C9-643A-46FD-94D2-800D6E380271}.Ad-Hoc|Any CPU.Deploy.0 = Release|Any CPU
		{DAD573C9-643A-46FD-94D2-800D6E380271}.Ad-Hoc|iPhone.ActiveCfg = Release|Any CPU
		{DAD573C9-643A-46FD-94D2-800D6E380271}.Ad-Hoc|iPhone.Build.0 = Release|Any CPU
		{DAD573C9-643A-46FD-94D2-800D6E380271}.Ad-Hoc|iPhone.Deploy.0 = Release|Any CPU
		{DAD573C9-643A-46FD-94D2-800D6E380271}.Ad-Hoc|iPhoneSimulator.ActiveCfg = Release|Any CPU
		{DAD573C9-643A-46FD-94D2-800D6E380271}.Ad-Hoc|iPhoneSimulator.Build.0 = Release|Any CPU
		{DAD573C9-643A-46FD-94D2-800D6E380271}.Ad-Hoc|iPhoneSimulator.Deploy.0 = Release|Any CPU
		{DAD573C9-643A-46FD-94D2-800D6E380271}.AppStore|Any CPU.ActiveCfg = Release|Any CPU
		{DAD573C9-643A-46FD-94D2-800D6E380271}.AppStore|Any CPU.Build.0 = Release|Any CPU
		{DAD573C9-643A-46FD-94D2-800D6E380271}.AppStore|Any CPU.Deploy.0 = Release|Any CPU
		{DAD573C9-643A-46FD-94D2-800D6E380271}.AppStore|iPhone.ActiveCfg = Release|Any CPU
		{DAD573C9-643A-46FD-94D2-800D6E380271}.AppStore|iPhone.Build.0 = Release|Any CPU
		{DAD573C9-643A-46FD-94D2-800D6E380271}.AppStore|iPhone.Deploy.0 = Release|Any CPU
		{DAD573C9-643A-46FD-94D2-800D6E380271}.AppStore|iPhoneSimulator.ActiveCfg = Release|Any CPU
		{DAD573C9-643A-46FD-94D2-800D6E380271}.AppStore|iPhoneSimulator.Build.0 = Release|Any CPU
		{DAD573C9-643A-46FD-94D2-800D6E380271}.AppStore|iPhoneSimulator.Deploy.0 = Release|Any CPU
		{DAD573C9-643A-46FD-94D2-800D6E380271}.Debug|Any CPU.ActiveCfg = Debug|Any CPU
		{DAD573C9-643A-46FD-94D2-800D6E380271}.Debug|Any CPU.Build.0 = Debug|Any CPU
		{DAD573C9-643A-46FD-94D2-800D6E380271}.Debug|Any CPU.Deploy.0 = Debug|Any CPU
		{DAD573C9-643A-46FD-94D2-800D6E380271}.Debug|iPhone.ActiveCfg = Debug|Any CPU
		{DAD573C9-643A-46FD-94D2-800D6E380271}.Debug|iPhone.Build.0 = Debug|Any CPU
		{DAD573C9-643A-46FD-94D2-800D6E380271}.Debug|iPhone.Deploy.0 = Debug|Any CPU
		{DAD573C9-643A-46FD-94D2-800D6E380271}.Debug|iPhoneSimulator.ActiveCfg = Debug|Any CPU
		{DAD573C9-643A-46FD-94D2-800D6E380271}.Debug|iPhoneSimulator.Build.0 = Debug|Any CPU
		{DAD573C9-643A-46FD-94D2-800D6E380271}.Debug|iPhoneSimulator.Deploy.0 = Debug|Any CPU
		{DAD573C9-643A-46FD-94D2-800D6E380271}.Release|Any CPU.ActiveCfg = Release|Any CPU
		{DAD573C9-643A-46FD-94D2-800D6E380271}.Release|Any CPU.Build.0 = Release|Any CPU
		{DAD573C9-643A-46FD-94D2-800D6E380271}.Release|Any CPU.Deploy.0 = Release|Any CPU
		{DAD573C9-643A-46FD-94D2-800D6E380271}.Release|iPhone.ActiveCfg = Release|Any CPU
		{DAD573C9-643A-46FD-94D2-800D6E380271}.Release|iPhone.Build.0 = Release|Any CPU
		{DAD573C9-643A-46FD-94D2-800D6E380271}.Release|iPhone.Deploy.0 = Release|Any CPU
		{DAD573C9-643A-46FD-94D2-800D6E380271}.Release|iPhoneSimulator.ActiveCfg = Release|Any CPU
		{DAD573C9-643A-46FD-94D2-800D6E380271}.Release|iPhoneSimulator.Build.0 = Release|Any CPU
		{DAD573C9-643A-46FD-94D2-800D6E380271}.Release|iPhoneSimulator.Deploy.0 = Release|Any CPU
		{61898243-2FF7-4BDC-A1F0-0E5580C58D87}.Ad-Hoc|Any CPU.ActiveCfg = Release|Any CPU
		{61898243-2FF7-4BDC-A1F0-0E5580C58D87}.Ad-Hoc|Any CPU.Build.0 = Release|Any CPU
		{61898243-2FF7-4BDC-A1F0-0E5580C58D87}.Ad-Hoc|iPhone.ActiveCfg = Release|Any CPU
		{61898243-2FF7-4BDC-A1F0-0E5580C58D87}.Ad-Hoc|iPhone.Build.0 = Release|Any CPU
		{61898243-2FF7-4BDC-A1F0-0E5580C58D87}.Ad-Hoc|iPhoneSimulator.ActiveCfg = Release|Any CPU
		{61898243-2FF7-4BDC-A1F0-0E5580C58D87}.Ad-Hoc|iPhoneSimulator.Build.0 = Release|Any CPU
		{61898243-2FF7-4BDC-A1F0-0E5580C58D87}.AppStore|Any CPU.ActiveCfg = Release|Any CPU
		{61898243-2FF7-4BDC-A1F0-0E5580C58D87}.AppStore|Any CPU.Build.0 = Release|Any CPU
		{61898243-2FF7-4BDC-A1F0-0E5580C58D87}.AppStore|iPhone.ActiveCfg = Release|Any CPU
		{61898243-2FF7-4BDC-A1F0-0E5580C58D87}.AppStore|iPhone.Build.0 = Release|Any CPU
		{61898243-2FF7-4BDC-A1F0-0E5580C58D87}.AppStore|iPhoneSimulator.ActiveCfg = Release|Any CPU
		{61898243-2FF7-4BDC-A1F0-0E5580C58D87}.AppStore|iPhoneSimulator.Build.0 = Release|Any CPU
		{61898243-2FF7-4BDC-A1F0-0E5580C58D87}.Debug|Any CPU.ActiveCfg = Debug|Any CPU
		{61898243-2FF7-4BDC-A1F0-0E5580C58D87}.Debug|Any CPU.Build.0 = Debug|Any CPU
		{61898243-2FF7-4BDC-A1F0-0E5580C58D87}.Debug|iPhone.ActiveCfg = Debug|Any CPU
		{61898243-2FF7-4BDC-A1F0-0E5580C58D87}.Debug|iPhone.Build.0 = Debug|Any CPU
		{61898243-2FF7-4BDC-A1F0-0E5580C58D87}.Debug|iPhoneSimulator.ActiveCfg = Debug|Any CPU
		{61898243-2FF7-4BDC-A1F0-0E5580C58D87}.Debug|iPhoneSimulator.Build.0 = Debug|Any CPU
		{61898243-2FF7-4BDC-A1F0-0E5580C58D87}.Release|Any CPU.ActiveCfg = Release|Any CPU
		{61898243-2FF7-4BDC-A1F0-0E5580C58D87}.Release|Any CPU.Build.0 = Release|Any CPU
		{61898243-2FF7-4BDC-A1F0-0E5580C58D87}.Release|iPhone.ActiveCfg = Release|Any CPU
		{61898243-2FF7-4BDC-A1F0-0E5580C58D87}.Release|iPhone.Build.0 = Release|Any CPU
		{61898243-2FF7-4BDC-A1F0-0E5580C58D87}.Release|iPhoneSimulator.ActiveCfg = Release|Any CPU
		{61898243-2FF7-4BDC-A1F0-0E5580C58D87}.Release|iPhoneSimulator.Build.0 = Release|Any CPU
		{BC1984F6-CC87-42E3-9EDE-600AAC87F5B4}.Ad-Hoc|Any CPU.ActiveCfg = Ad-Hoc|iPhone
		{BC1984F6-CC87-42E3-9EDE-600AAC87F5B4}.Ad-Hoc|iPhone.ActiveCfg = Ad-Hoc|iPhone
		{BC1984F6-CC87-42E3-9EDE-600AAC87F5B4}.Ad-Hoc|iPhone.Build.0 = Ad-Hoc|iPhone
		{BC1984F6-CC87-42E3-9EDE-600AAC87F5B4}.Ad-Hoc|iPhoneSimulator.ActiveCfg = Ad-Hoc|iPhoneSimulator
		{BC1984F6-CC87-42E3-9EDE-600AAC87F5B4}.Ad-Hoc|iPhoneSimulator.Build.0 = Ad-Hoc|iPhoneSimulator
		{BC1984F6-CC87-42E3-9EDE-600AAC87F5B4}.AppStore|Any CPU.ActiveCfg = AppStore|iPhone
		{BC1984F6-CC87-42E3-9EDE-600AAC87F5B4}.AppStore|iPhone.ActiveCfg = AppStore|iPhone
		{BC1984F6-CC87-42E3-9EDE-600AAC87F5B4}.AppStore|iPhone.Build.0 = AppStore|iPhone
		{BC1984F6-CC87-42E3-9EDE-600AAC87F5B4}.AppStore|iPhoneSimulator.ActiveCfg = AppStore|iPhoneSimulator
		{BC1984F6-CC87-42E3-9EDE-600AAC87F5B4}.AppStore|iPhoneSimulator.Build.0 = AppStore|iPhoneSimulator
		{BC1984F6-CC87-42E3-9EDE-600AAC87F5B4}.Debug|Any CPU.ActiveCfg = Debug|iPhone
		{BC1984F6-CC87-42E3-9EDE-600AAC87F5B4}.Debug|iPhone.ActiveCfg = Debug|iPhone
		{BC1984F6-CC87-42E3-9EDE-600AAC87F5B4}.Debug|iPhone.Build.0 = Debug|iPhone
		{BC1984F6-CC87-42E3-9EDE-600AAC87F5B4}.Debug|iPhoneSimulator.ActiveCfg = Debug|iPhoneSimulator
		{BC1984F6-CC87-42E3-9EDE-600AAC87F5B4}.Debug|iPhoneSimulator.Build.0 = Debug|iPhoneSimulator
		{BC1984F6-CC87-42E3-9EDE-600AAC87F5B4}.Release|Any CPU.ActiveCfg = Release|iPhone
		{BC1984F6-CC87-42E3-9EDE-600AAC87F5B4}.Release|iPhone.ActiveCfg = Release|iPhone
		{BC1984F6-CC87-42E3-9EDE-600AAC87F5B4}.Release|iPhone.Build.0 = Release|iPhone
		{BC1984F6-CC87-42E3-9EDE-600AAC87F5B4}.Release|iPhoneSimulator.ActiveCfg = Release|iPhoneSimulator
		{BC1984F6-CC87-42E3-9EDE-600AAC87F5B4}.Release|iPhoneSimulator.Build.0 = Release|iPhoneSimulator
	EndGlobalSection
	GlobalSection(SolutionProperties) = preSolution
		HideSolutionNode = FALSE
	EndGlobalSection
	GlobalSection(NestedProjects) = preSolution
		{08222D77-A4B8-4BF6-9646-B2BC1E83E686} = {ADCE9C08-C373-4B25-B282-807D741D7BFF}
		{1FE9ED52-EEA8-4CAC-B1D5-A4CF1DA8FB65} = {08222D77-A4B8-4BF6-9646-B2BC1E83E686}
		{2FF1AC3F-7475-4C88-923D-6B52BF96C710} = {08222D77-A4B8-4BF6-9646-B2BC1E83E686}
		{E94B0FC9-517F-4EE2-8B7C-67378DEF5AC5} = {08222D77-A4B8-4BF6-9646-B2BC1E83E686}
		{16CB02AF-2D29-4E8A-A9EC-8635AA5DE331} = {ADCE9C08-C373-4B25-B282-807D741D7BFF}
		{71637732-6249-4C28-8B08-00E8204A700C} = {16CB02AF-2D29-4E8A-A9EC-8635AA5DE331}
		{1365A206-9015-45EA-95A6-4C21A6CE3F92} = {16CB02AF-2D29-4E8A-A9EC-8635AA5DE331}
		{AAB902C7-91A9-4586-9367-6533C1D00015} = {16CB02AF-2D29-4E8A-A9EC-8635AA5DE331}
		{79D8B62A-0160-4AC2-9317-7C409F094DF0} = {5E8DB640-F579-445C-974E-8490FC133A5F}
		{C5511E47-4530-4835-B07B-BE88CC052822} = {5E8DB640-F579-445C-974E-8490FC133A5F}
		{820008E9-91ED-4CA5-A717-946DBFBF202D} = {79D8B62A-0160-4AC2-9317-7C409F094DF0}
		{C109BA07-8F34-4AFE-8D41-58D104857BE2} = {79D8B62A-0160-4AC2-9317-7C409F094DF0}
		{94F1FF2E-7ABE-48C2-B90F-B4D820A4C4D5} = {79D8B62A-0160-4AC2-9317-7C409F094DF0}
		{DAD573C9-643A-46FD-94D2-800D6E380271} = {C5511E47-4530-4835-B07B-BE88CC052822}
		{61898243-2FF7-4BDC-A1F0-0E5580C58D87} = {C5511E47-4530-4835-B07B-BE88CC052822}
		{BC1984F6-CC87-42E3-9EDE-600AAC87F5B4} = {C5511E47-4530-4835-B07B-BE88CC052822}
	EndGlobalSection
EndGlobal
